
Microsoft Visual Studio Solution File, Format Version 12.00
# Visual Studio 14
VisualStudioVersion = 14.0.25420.1
MinimumVisualStudioVersion = 10.0.40219.1
Project("{F184B08F-C81C-45F6-A57F-5ABD9991F28F}") = "FlowPreservation", "FlowPreservation\FlowPreservation.vbproj", "{3FB56893-F3E0-4FD5-ACA7-AE3AABE84091}"
EndProject
Project("{F184B08F-C81C-45F6-A57F-5ABD9991F28F}") = "FlowPreservationTests", "FlowPreservationTests\FlowPreservationTests.vbproj", "{BF6E6D5F-71F0-404F-838B-B76D563EA310}"
EndProject
Project("{F184B08F-C81C-45F6-A57F-5ABD9991F28F}") = "FlowViewer", "FlowViewer\FlowViewer.vbproj", "{54C786E5-FD14-4036-92AE-E9F25B71534B}"
EndProject
Project("{F184B08F-C81C-45F6-A57F-5ABD9991F28F}") = "FlowPreservationPerfTests", "FlowPreservationPerfTests\FlowPreservationPerfTests.vbproj", "{9CF423EA-CFC5-4242-BDB9-4A7BFAB9A816}"
EndProject
Project("{F184B08F-C81C-45F6-A57F-5ABD9991F28F}") = "FlowDemoSimple", "FlowDemoSimple\FlowDemoSimple.vbproj", "{BAD98FB3-B93F-4452-9DCD-C37F11F6023A}"
EndProject
Project("{F184B08F-C81C-45F6-A57F-5ABD9991F28F}") = "FlowPreservationPortable", "FlowPreservationPortable\FlowPreservationPortable.vbproj", "{DB25EDEB-332E-431B-A5B2-6D1A35A240A6}"
EndProject
Project("{F184B08F-C81C-45F6-A57F-5ABD9991F28F}") = "FlowPreservationPortableTests", "FlowPreservationPortableTests\FlowPreservationPortableTests.vbproj", "{84E6F916-B53B-4166-9E1A-0063CC77E3E7}"
EndProject
Project("{2150E333-8FDC-42A3-9474-1A3956D46DE8}") = "Demo", "Demo", "{0536DF8F-6E0B-4E1A-A833-6D0784AD7416}"
EndProject
Project("{2150E333-8FDC-42A3-9474-1A3956D46DE8}") = "Core", "Core", "{A532D3EB-A4B0-41A6-A9D0-07C79A15CDA2}"
EndProject
Project("{2150E333-8FDC-42A3-9474-1A3956D46DE8}") = "Tests", "Tests", "{AE4C4AA3-791E-4D0B-BDE8-5397B9524953}"
EndProject
Project("{2150E333-8FDC-42A3-9474-1A3956D46DE8}") = "AddIn", "AddIn", "{AF78A9E8-430A-4CA8-8E48-BF52DC50A8E4}"
EndProject
Global
	GlobalSection(SolutionConfigurationPlatforms) = preSolution
		Debug|Any CPU = Debug|Any CPU
		Debug|ARM = Debug|ARM
		Debug|x64 = Debug|x64
		Debug|x86 = Debug|x86
		Release|Any CPU = Release|Any CPU
		Release|ARM = Release|ARM
		Release|x64 = Release|x64
		Release|x86 = Release|x86
	EndGlobalSection
	GlobalSection(ProjectConfigurationPlatforms) = postSolution
		{3FB56893-F3E0-4FD5-ACA7-AE3AABE84091}.Debug|Any CPU.ActiveCfg = Debug|Any CPU
		{3FB56893-F3E0-4FD5-ACA7-AE3AABE84091}.Debug|Any CPU.Build.0 = Debug|Any CPU
		{3FB56893-F3E0-4FD5-ACA7-AE3AABE84091}.Debug|ARM.ActiveCfg = Debug|Any CPU
		{3FB56893-F3E0-4FD5-ACA7-AE3AABE84091}.Debug|x64.ActiveCfg = Debug|Any CPU
		{3FB56893-F3E0-4FD5-ACA7-AE3AABE84091}.Debug|x86.ActiveCfg = Debug|Any CPU
		{3FB56893-F3E0-4FD5-ACA7-AE3AABE84091}.Release|Any CPU.ActiveCfg = Release|Any CPU
		{3FB56893-F3E0-4FD5-ACA7-AE3AABE84091}.Release|Any CPU.Build.0 = Release|Any CPU
		{3FB56893-F3E0-4FD5-ACA7-AE3AABE84091}.Release|ARM.ActiveCfg = Release|Any CPU
		{3FB56893-F3E0-4FD5-ACA7-AE3AABE84091}.Release|x64.ActiveCfg = Release|Any CPU
		{3FB56893-F3E0-4FD5-ACA7-AE3AABE84091}.Release|x86.ActiveCfg = Release|Any CPU
		{BF6E6D5F-71F0-404F-838B-B76D563EA310}.Debug|Any CPU.ActiveCfg = Debug|Any CPU
		{BF6E6D5F-71F0-404F-838B-B76D563EA310}.Debug|Any CPU.Build.0 = Debug|Any CPU
		{BF6E6D5F-71F0-404F-838B-B76D563EA310}.Debug|ARM.ActiveCfg = Debug|Any CPU
		{BF6E6D5F-71F0-404F-838B-B76D563EA310}.Debug|x64.ActiveCfg = Debug|Any CPU
		{BF6E6D5F-71F0-404F-838B-B76D563EA310}.Debug|x86.ActiveCfg = Debug|Any CPU
		{BF6E6D5F-71F0-404F-838B-B76D563EA310}.Release|Any CPU.ActiveCfg = Release|Any CPU
		{BF6E6D5F-71F0-404F-838B-B76D563EA310}.Release|Any CPU.Build.0 = Release|Any CPU
		{BF6E6D5F-71F0-404F-838B-B76D563EA310}.Release|ARM.ActiveCfg = Release|Any CPU
		{BF6E6D5F-71F0-404F-838B-B76D563EA310}.Release|x64.ActiveCfg = Release|Any CPU
		{BF6E6D5F-71F0-404F-838B-B76D563EA310}.Release|x86.ActiveCfg = Release|Any CPU
		{54C786E5-FD14-4036-92AE-E9F25B71534B}.Debug|Any CPU.ActiveCfg = Debug|Any CPU
		{54C786E5-FD14-4036-92AE-E9F25B71534B}.Debug|Any CPU.Build.0 = Debug|Any CPU
		{54C786E5-FD14-4036-92AE-E9F25B71534B}.Debug|ARM.ActiveCfg = Debug|Any CPU
		{54C786E5-FD14-4036-92AE-E9F25B71534B}.Debug|x64.ActiveCfg = Debug|Any CPU
		{54C786E5-FD14-4036-92AE-E9F25B71534B}.Debug|x86.ActiveCfg = Debug|Any CPU
		{54C786E5-FD14-4036-92AE-E9F25B71534B}.Release|Any CPU.ActiveCfg = Release|Any CPU
		{54C786E5-FD14-4036-92AE-E9F25B71534B}.Release|Any CPU.Build.0 = Release|Any CPU
		{54C786E5-FD14-4036-92AE-E9F25B71534B}.Release|ARM.ActiveCfg = Release|Any CPU
		{54C786E5-FD14-4036-92AE-E9F25B71534B}.Release|x64.ActiveCfg = Release|Any CPU
		{54C786E5-FD14-4036-92AE-E9F25B71534B}.Release|x86.ActiveCfg = Release|Any CPU
		{9CF423EA-CFC5-4242-BDB9-4A7BFAB9A816}.Debug|Any CPU.ActiveCfg = Debug|Any CPU
		{9CF423EA-CFC5-4242-BDB9-4A7BFAB9A816}.Debug|Any CPU.Build.0 = Debug|Any CPU
		{9CF423EA-CFC5-4242-BDB9-4A7BFAB9A816}.Debug|ARM.ActiveCfg = Debug|Any CPU
		{9CF423EA-CFC5-4242-BDB9-4A7BFAB9A816}.Debug|x64.ActiveCfg = Debug|Any CPU
		{9CF423EA-CFC5-4242-BDB9-4A7BFAB9A816}.Debug|x86.ActiveCfg = Debug|Any CPU
		{9CF423EA-CFC5-4242-BDB9-4A7BFAB9A816}.Release|Any CPU.ActiveCfg = Release|Any CPU
		{9CF423EA-CFC5-4242-BDB9-4A7BFAB9A816}.Release|Any CPU.Build.0 = Release|Any CPU
		{9CF423EA-CFC5-4242-BDB9-4A7BFAB9A816}.Release|ARM.ActiveCfg = Release|Any CPU
		{9CF423EA-CFC5-4242-BDB9-4A7BFAB9A816}.Release|x64.ActiveCfg = Release|Any CPU
		{9CF423EA-CFC5-4242-BDB9-4A7BFAB9A816}.Release|x86.ActiveCfg = Release|Any CPU
		{BAD98FB3-B93F-4452-9DCD-C37F11F6023A}.Debug|Any CPU.ActiveCfg = Debug|Any CPU
		{BAD98FB3-B93F-4452-9DCD-C37F11F6023A}.Debug|Any CPU.Build.0 = Debug|Any CPU
		{BAD98FB3-B93F-4452-9DCD-C37F11F6023A}.Debug|ARM.ActiveCfg = Debug|Any CPU
		{BAD98FB3-B93F-4452-9DCD-C37F11F6023A}.Debug|x64.ActiveCfg = Debug|Any CPU
		{BAD98FB3-B93F-4452-9DCD-C37F11F6023A}.Debug|x86.ActiveCfg = Debug|Any CPU
		{BAD98FB3-B93F-4452-9DCD-C37F11F6023A}.Release|Any CPU.ActiveCfg = Release|Any CPU
		{BAD98FB3-B93F-4452-9DCD-C37F11F6023A}.Release|Any CPU.Build.0 = Release|Any CPU
		{BAD98FB3-B93F-4452-9DCD-C37F11F6023A}.Release|ARM.ActiveCfg = Release|Any CPU
		{BAD98FB3-B93F-4452-9DCD-C37F11F6023A}.Release|x64.ActiveCfg = Release|Any CPU
		{BAD98FB3-B93F-4452-9DCD-C37F11F6023A}.Release|x86.ActiveCfg = Release|Any CPU
		{DB25EDEB-332E-431B-A5B2-6D1A35A240A6}.Debug|Any CPU.ActiveCfg = Debug|Any CPU
		{DB25EDEB-332E-431B-A5B2-6D1A35A240A6}.Debug|Any CPU.Build.0 = Debug|Any CPU
		{DB25EDEB-332E-431B-A5B2-6D1A35A240A6}.Debug|ARM.ActiveCfg = Debug|Any CPU
		{DB25EDEB-332E-431B-A5B2-6D1A35A240A6}.Debug|x64.ActiveCfg = Debug|Any CPU
		{DB25EDEB-332E-431B-A5B2-6D1A35A240A6}.Debug|x86.ActiveCfg = Debug|Any CPU
		{DB25EDEB-332E-431B-A5B2-6D1A35A240A6}.Release|Any CPU.ActiveCfg = Release|Any CPU
		{DB25EDEB-332E-431B-A5B2-6D1A35A240A6}.Release|Any CPU.Build.0 = Release|Any CPU
		{DB25EDEB-332E-431B-A5B2-6D1A35A240A6}.Release|ARM.ActiveCfg = Release|Any CPU
		{DB25EDEB-332E-431B-A5B2-6D1A35A240A6}.Release|x64.ActiveCfg = Release|Any CPU
		{DB25EDEB-332E-431B-A5B2-6D1A35A240A6}.Release|x86.ActiveCfg = Release|Any CPU
		{84E6F916-B53B-4166-9E1A-0063CC77E3E7}.Debug|Any CPU.ActiveCfg = Debug|Any CPU
		{84E6F916-B53B-4166-9E1A-0063CC77E3E7}.Debug|Any CPU.Build.0 = Debug|Any CPU
		{84E6F916-B53B-4166-9E1A-0063CC77E3E7}.Debug|ARM.ActiveCfg = Debug|Any CPU
		{84E6F916-B53B-4166-9E1A-0063CC77E3E7}.Debug|x64.ActiveCfg = Debug|Any CPU
		{84E6F916-B53B-4166-9E1A-0063CC77E3E7}.Debug|x86.ActiveCfg = Debug|Any CPU
		{84E6F916-B53B-4166-9E1A-0063CC77E3E7}.Release|Any CPU.ActiveCfg = Release|Any CPU
		{84E6F916-B53B-4166-9E1A-0063CC77E3E7}.Release|Any CPU.Build.0 = Release|Any CPU
		{84E6F916-B53B-4166-9E1A-0063CC77E3E7}.Release|ARM.ActiveCfg = Release|Any CPU
		{84E6F916-B53B-4166-9E1A-0063CC77E3E7}.Release|x64.ActiveCfg = Release|Any CPU
		{84E6F916-B53B-4166-9E1A-0063CC77E3E7}.Release|x86.ActiveCfg = Release|Any CPU
	EndGlobalSection
	GlobalSection(SolutionProperties) = preSolution
		HideSolutionNode = FALSE
	EndGlobalSection
	GlobalSection(NestedProjects) = preSolution
		{3FB56893-F3E0-4FD5-ACA7-AE3AABE84091} = {A532D3EB-A4B0-41A6-A9D0-07C79A15CDA2}
		{BF6E6D5F-71F0-404F-838B-B76D563EA310} = {AE4C4AA3-791E-4D0B-BDE8-5397B9524953}
		{54C786E5-FD14-4036-92AE-E9F25B71534B} = {AF78A9E8-430A-4CA8-8E48-BF52DC50A8E4}
		{9CF423EA-CFC5-4242-BDB9-4A7BFAB9A816} = {AE4C4AA3-791E-4D0B-BDE8-5397B9524953}
		{BAD98FB3-B93F-4452-9DCD-C37F11F6023A} = {0536DF8F-6E0B-4E1A-A833-6D0784AD7416}
		{DB25EDEB-332E-431B-A5B2-6D1A35A240A6} = {A532D3EB-A4B0-41A6-A9D0-07C79A15CDA2}
		{84E6F916-B53B-4166-9E1A-0063CC77E3E7} = {AE4C4AA3-791E-4D0B-BDE8-5397B9524953}
	EndGlobalSection
EndGlobal
